// !$*UTF8*$!
{
	archiveVersion = 1;
	classes = {
	};
	objectVersion = 46;
	objects = {

/* Begin PBXBuildFile section */
		84CB92851A64B4170006A7F6 /* main.m in Sources */ = {isa = PBXBuildFile; fileRef = 84CB92841A64B4170006A7F6 /* main.m */; };
		84CB92881A64B4170006A7F6 /* AppDelegate.m in Sources */ = {isa = PBXBuildFile; fileRef = 84CB92871A64B4170006A7F6 /* AppDelegate.m */; };
		84CB928B1A64B4170006A7F6 /* ViewController.m in Sources */ = {isa = PBXBuildFile; fileRef = 84CB928A1A64B4170006A7F6 /* ViewController.m */; };
		84CB928E1A64B4170006A7F6 /* Main.storyboard in Resources */ = {isa = PBXBuildFile; fileRef = 84CB928C1A64B4170006A7F6 /* Main.storyboard */; };
		84CB92901A64B4170006A7F6 /* Images.xcassets in Resources */ = {isa = PBXBuildFile; fileRef = 84CB928F1A64B4170006A7F6 /* Images.xcassets */; };
		84CB92931A64B4170006A7F6 /* LaunchScreen.xib in Resources */ = {isa = PBXBuildFile; fileRef = 84CB92911A64B4170006A7F6 /* LaunchScreen.xib */; };
		84CB929F1A64B4170006A7F6 /* TestQuartz_________Tests.m in Sources */ = {isa = PBXBuildFile; fileRef = 84CB929E1A64B4170006A7F6 /* TestQuartz_________Tests.m */; };
		84CB92AA1A64B4530006A7F6 /* TestView.m in Sources */ = {isa = PBXBuildFile; fileRef = 84CB92A91A64B4530006A7F6 /* TestView.m */; };
		84CB92AC1A64B6F30006A7F6 /* 看看 in Resources */ = {isa = PBXBuildFile; fileRef = 84CB92AB1A64B6F30006A7F6 /* 看看 */; };
/* End PBXBuildFile section */

/* Begin PBXContainerItemProxy section */
		84CB92991A64B4170006A7F6 /* PBXContainerItemProxy */ = {
			isa = PBXContainerItemProxy;
			containerPortal = 84CB92771A64B4170006A7F6 /* Project object */;
			proxyType = 1;
			remoteGlobalIDString = 84CB927E1A64B4170006A7F6;
			remoteInfo = "TestQuartz(直线三角等简单)";
		};
/* End PBXContainerItemProxy section */

/* Begin PBXFileReference section */
		84CB927F1A64B4170006A7F6 /* TestQuartz(直线三角等简单).app */ = {isa = PBXFileReference; explicitFileType = wrapper.application; includeInIndex = 0; path = "TestQuartz(直线三角等简单).app"; sourceTree = BUILT_PRODUCTS_DIR; };
		84CB92831A64B4170006A7F6 /* Info.plist */ = {isa = PBXFileReference; lastKnownFileType = text.plist.xml; path = Info.plist; sourceTree = "<group>"; };
		84CB92841A64B4170006A7F6 /* main.m */ = {isa = PBXFileReference; lastKnownFileType = sourcecode.c.objc; path = main.m; sourceTree = "<group>"; };
		84CB92861A64B4170006A7F6 /* AppDelegate.h */ = {isa = PBXFileReference; lastKnownFileType = sourcecode.c.h; path = AppDelegate.h; sourceTree = "<group>"; };
		84CB92871A64B4170006A7F6 /* AppDelegate.m */ = {isa = PBXFileReference; lastKnownFileType = sourcecode.c.objc; path = AppDelegate.m; sourceTree = "<group>"; };
		84CB92891A64B4170006A7F6 /* ViewController.h */ = {isa = PBXFileReference; lastKnownFileType = sourcecode.c.h; path = ViewController.h; sourceTree = "<group>"; };
		84CB928A1A64B4170006A7F6 /* ViewController.m */ = {isa = PBXFileReference; lastKnownFileType = sourcecode.c.objc; path = ViewController.m; sourceTree = "<group>"; };
		84CB928D1A64B4170006A7F6 /* Base */ = {isa = PBXFileReference; lastKnownFileType = file.storyboard; name = Base; path = Base.lproj/Main.storyboard; sourceTree = "<group>"; };
		84CB928F1A64B4170006A7F6 /* Images.xcassets */ = {isa = PBXFileReference; lastKnownFileType = folder.assetcatalog; path = Images.xcassets; sourceTree = "<group>"; };
		84CB92921A64B4170006A7F6 /* Base */ = {isa = PBXFileReference; lastKnownFileType = file.xib; name = Base; path = Base.lproj/LaunchScreen.xib; sourceTree = "<group>"; };
		84CB92981A64B4170006A7F6 /* TestQuartz(直线三角等简单)Tests.xctest */ = {isa = PBXFileReference; explicitFileType = wrapper.cfbundle; includeInIndex = 0; path = "TestQuartz(直线三角等简单)Tests.xctest"; sourceTree = BUILT_PRODUCTS_DIR; };
		84CB929D1A64B4170006A7F6 /* Info.plist */ = {isa = PBXFileReference; lastKnownFileType = text.plist.xml; path = Info.plist; sourceTree = "<group>"; };
		84CB929E1A64B4170006A7F6 /* TestQuartz_________Tests.m */ = {isa = PBXFileReference; lastKnownFileType = sourcecode.c.objc; path = "TestQuartz_________Tests.m"; sourceTree = "<group>"; };
		84CB92A81A64B4530006A7F6 /* TestView.h */ = {isa = PBXFileReference; fileEncoding = 4; lastKnownFileType = sourcecode.c.h; path = TestView.h; sourceTree = "<group>"; };
		84CB92A91A64B4530006A7F6 /* TestView.m */ = {isa = PBXFileReference; fileEncoding = 4; lastKnownFileType = sourcecode.c.objc; path = TestView.m; sourceTree = "<group>"; };
		84CB92AB1A64B6F30006A7F6 /* 看看 */ = {isa = PBXFileReference; fileEncoding = 4; lastKnownFileType = text; path = "看看"; sourceTree = "<group>"; };
/* End PBXFileReference section */

/* Begin PBXFrameworksBuildPhase section */
		84CB927C1A64B4170006A7F6 /* Frameworks */ = {
			isa = PBXFrameworksBuildPhase;
			buildActionMask = 2147483647;
			files = (
			);
			runOnlyForDeploymentPostprocessing = 0;
		};
		84CB92951A64B4170006A7F6 /* Frameworks */ = {
			isa = PBXFrameworksBuildPhase;
			buildActionMask = 2147483647;
			files = (
			);
			runOnlyForDeploymentPostprocessing = 0;
		};
/* End PBXFrameworksBuildPhase section */

/* Begin PBXGroup section */
		84CB92761A64B4170006A7F6 = {
			isa = PBXGroup;
			children = (
				84CB92811A64B4170006A7F6 /* TestQuartz(直线三角等简单) */,
				84CB929B1A64B4170006A7F6 /* TestQuartz(直线三角等简单)Tests */,
				84CB92801A64B4170006A7F6 /* Products */,
			);
			sourceTree = "<group>";
		};
		84CB92801A64B4170006A7F6 /* Products */ = {
			isa = PBXGroup;
			children = (
				84CB927F1A64B4170006A7F6 /* TestQuartz(直线三角等简单).app */,
				84CB92981A64B4170006A7F6 /* TestQuartz(直线三角等简单)Tests.xctest */,
			);
			name = Products;
			sourceTree = "<group>";
		};
		84CB92811A64B4170006A7F6 /* TestQuartz(直线三角等简单) */ = {
			isa = PBXGroup;
			children = (
				84CB92AB1A64B6F30006A7F6 /* 看看 */,
				84CB92861A64B4170006A7F6 /* AppDelegate.h */,
				84CB92871A64B4170006A7F6 /* AppDelegate.m */,
				84CB92891A64B4170006A7F6 /* ViewController.h */,
				84CB928A1A64B4170006A7F6 /* ViewController.m */,
				84CB92A81A64B4530006A7F6 /* TestView.h */,
				84CB92A91A64B4530006A7F6 /* TestView.m */,
				84CB928C1A64B4170006A7F6 /* Main.storyboard */,
				84CB928F1A64B4170006A7F6 /* Images.xcassets */,
				84CB92911A64B4170006A7F6 /* LaunchScreen.xib */,
				84CB92821A64B4170006A7F6 /* Supporting Files */,
			);
			path = "TestQuartz(直线三角等简单)";
			sourceTree = "<group>";
		};
		84CB92821A64B4170006A7F6 /* Supporting Files */ = {
			isa = PBXGroup;
			children = (
				84CB92831A64B4170006A7F6 /* Info.plist */,
				84CB92841A64B4170006A7F6 /* main.m */,
			);
			name = "Supporting Files";
			sourceTree = "<group>";
		};
		84CB929B1A64B4170006A7F6 /* TestQuartz(直线三角等简单)Tests */ = {
			isa = PBXGroup;
			children = (
				84CB929E1A64B4170006A7F6 /* TestQuartz_________Tests.m */,
				84CB929C1A64B4170006A7F6 /* Supporting Files */,
			);
			path = "TestQuartz(直线三角等简单)Tests";
			sourceTree = "<group>";
		};
		84CB929C1A64B4170006A7F6 /* Supporting Files */ = {
			isa = PBXGroup;
			children = (
				84CB929D1A64B4170006A7F6 /* Info.plist */,
			);
			name = "Supporting Files";
			sourceTree = "<group>";
		};
/* End PBXGroup section */

/* Begin PBXNativeTarget section */
		84CB927E1A64B4170006A7F6 /* TestQuartz(直线三角等简单) */ = {
			isa = PBXNativeTarget;
			buildConfigurationList = 84CB92A21A64B4170006A7F6 /* Build configuration list for PBXNativeTarget "TestQuartz(直线三角等简单)" */;
			buildPhases = (
				84CB927B1A64B4170006A7F6 /* Sources */,
				84CB927C1A64B4170006A7F6 /* Frameworks */,
				84CB927D1A64B4170006A7F6 /* Resources */,
			);
			buildRules = (
			);
			dependencies = (
			);
			name = "TestQuartz(直线三角等简单)";
			productName = "TestQuartz(直线三角等简单)";
			productReference = 84CB927F1A64B4170006A7F6 /* TestQuartz(直线三角等简单).app */;
			productType = "com.apple.product-type.application";
		};
		84CB92971A64B4170006A7F6 /* TestQuartz(直线三角等简单)Tests */ = {
			isa = PBXNativeTarget;
			buildConfigurationList = 84CB92A51A64B4170006A7F6 /* Build configuration list for PBXNativeTarget "TestQuartz(直线三角等简单)Tests" */;
			buildPhases = (
				84CB92941A64B4170006A7F6 /* Sources */,
				84CB92951A64B4170006A7F6 /* Frameworks */,
				84CB92961A64B4170006A7F6 /* Resources */,
			);
			buildRules = (
			);
			dependencies = (
				84CB929A1A64B4170006A7F6 /* PBXTargetDependency */,
			);
			name = "TestQuartz(直线三角等简单)Tests";
			productName = "TestQuartz(直线三角等简单)Tests";
			productReference = 84CB92981A64B4170006A7F6 /* TestQuartz(直线三角等简单)Tests.xctest */;
			productType = "com.apple.product-type.bundle.unit-test";
		};
/* End PBXNativeTarget section */

/* Begin PBXProject section */
		84CB92771A64B4170006A7F6 /* Project object */ = {
			isa = PBXProject;
			attributes = {
				LastUpgradeCheck = 0610;
				ORGANIZATIONNAME = "___CC___";
				TargetAttributes = {
					84CB927E1A64B4170006A7F6 = {
						CreatedOnToolsVersion = 6.1;
					};
					84CB92971A64B4170006A7F6 = {
						CreatedOnToolsVersion = 6.1;
						TestTargetID = 84CB927E1A64B4170006A7F6;
					};
				};
			};
			buildConfigurationList = 84CB927A1A64B4170006A7F6 /* Build configuration list for PBXProject "TestQuartz(直线三角等简单)" */;
			compatibilityVersion = "Xcode 3.2";
			developmentRegion = English;
			hasScannedForEncodings = 0;
			knownRegions = (
				en,
				Base,
			);
			mainGroup = 84CB92761A64B4170006A7F6;
			productRefGroup = 84CB92801A64B4170006A7F6 /* Products */;
			projectDirPath = "";
			projectRoot = "";
			targets = (
				84CB927E1A64B4170006A7F6 /* TestQuartz(直线三角等简单) */,
				84CB92971A64B4170006A7F6 /* TestQuartz(直线三角等简单)Tests */,
			);
		};
/* End PBXProject section */

/* Begin PBXResourcesBuildPhase section */
		84CB927D1A64B4170006A7F6 /* Resources */ = {
			isa = PBXResourcesBuildPhase;
			buildActionMask = 2147483647;
			files = (
				84CB92AC1A64B6F30006A7F6 /* 看看 in Resources */,
				84CB928E1A64B4170006A7F6 /* Main.storyboard in Resources */,
				84CB92931A64B4170006A7F6 /* LaunchScreen.xib in Resources */,
				84CB92901A64B4170006A7F6 /* Images.xcassets in Resources */,
			);
			runOnlyForDeploymentPostprocessing = 0;
		};
		84CB92961A64B4170006A7F6 /* Resources */ = {
			isa = PBXResourcesBuildPhase;
			buildActionMask = 2147483647;
			files = (
			);
			runOnlyForDeploymentPostprocessing = 0;
		};
/* End PBXResourcesBuildPhase section */

/* Begin PBXSourcesBuildPhase section */
		84CB927B1A64B4170006A7F6 /* Sources */ = {
			isa = PBXSourcesBuildPhase;
			buildActionMask = 2147483647;
			files = (
				84CB92AA1A64B4530006A7F6 /* TestView.m in Sources */,
				84CB928B1A64B4170006A7F6 /* ViewController.m in Sources */,
				84CB92881A64B4170006A7F6 /* AppDelegate.m in Sources */,
				84CB92851A64B4170006A7F6 /* main.m in Sources */,
			);
			runOnlyForDeploymentPostprocessing = 0;
		};
		84CB92941A64B4170006A7F6 /* Sources */ = {
			isa = PBXSourcesBuildPhase;
			buildActionMask = 2147483647;
			files = (
				84CB929F1A64B4170006A7F6 /* TestQuartz_________Tests.m in Sources */,
			);
			runOnlyForDeploymentPostprocessing = 0;
		};
/* End PBXSourcesBuildPhase section */

/* Begin PBXTargetDependency section */
		84CB929A1A64B4170006A7F6 /* PBXTargetDependency */ = {
			isa = PBXTargetDependency;
			target = 84CB927E1A64B4170006A7F6 /* TestQuartz(直线三角等简单) */;
			targetProxy = 84CB92991A64B4170006A7F6 /* PBXContainerItemProxy */;
		};
/* End PBXTargetDependency section */

/* Begin PBXVariantGroup section */
		84CB928C1A64B4170006A7F6 /* Main.storyboard */ = {
			isa = PBXVariantGroup;
			children = (
				84CB928D1A64B4170006A7F6 /* Base */,
			);
			name = Main.storyboard;
			sourceTree = "<group>";
		};
		84CB92911A64B4170006A7F6 /* LaunchScreen.xib */ = {
			isa = PBXVariantGroup;
			children = (
				84CB92921A64B4170006A7F6 /* Base */,
			);
			name = LaunchScreen.xib;
			sourceTree = "<group>";
		};
/* End PBXVariantGroup section */

/* Begin XCBuildConfiguration section */
		84CB92A01A64B4170006A7F6 /* Debug */ = {
			isa = XCBuildConfiguration;
			buildSettings = {
				ALWAYS_SEARCH_USER_PATHS = NO;
				CLANG_CXX_LANGUAGE_STANDARD = "gnu++0x";
				CLANG_CXX_LIBRARY = "libc++";
				CLANG_ENABLE_MODULES = YES;
				CLANG_ENABLE_OBJC_ARC = YES;
				CLANG_WARN_BOOL_CONVERSION = YES;
				CLANG_WARN_CONSTANT_CONVERSION = YES;
				CLANG_WARN_DIRECT_OBJC_ISA_USAGE = YES_ERROR;
				CLANG_WARN_EMPTY_BODY = YES;
				CLANG_WARN_ENUM_CONVERSION = YES;
				CLANG_WARN_INT_CONVERSION = YES;
				CLANG_WARN_OBJC_ROOT_CLASS = YES_ERROR;
				CLANG_WARN_UNREACHABLE_CODE = YES;
				CLANG_WARN__DUPLICATE_METHOD_MATCH = YES;
				"CODE_SIGN_IDENTITY[sdk=iphoneos*]" = "iPhone Developer";
				COPY_PHASE_STRIP = NO;
				ENABLE_STRICT_OBJC_MSGSEND = YES;
				GCC_C_LANGUAGE_STANDARD = gnu99;
				GCC_DYNAMIC_NO_PIC = NO;
				GCC_OPTIMIZATION_LEVEL = 0;
				GCC_PREPROCESSOR_DEFINITIONS = (
					"DEBUG=1",
					"$(inherited)",
				);
				GCC_SYMBOLS_PRIVATE_EXTERN = NO;
				GCC_WARN_64_TO_32_BIT_CONVERSION = YES;
				GCC_WARN_ABOUT_RETURN_TYPE = YES_ERROR;
				GCC_WARN_UNDECLARED_SELECTOR = YES;
				GCC_WARN_UNINITIALIZED_AUTOS = YES_AGGRESSIVE;
				GCC_WARN_UNUSED_FUNCTION = YES;
				GCC_WARN_UNUSED_VARIABLE = YES;
				IPHONEOS_DEPLOYMENT_TARGET = 8.1;
				MTL_ENABLE_DEBUG_INFO = YES;
				ONLY_ACTIVE_ARCH = YES;
				SDKROOT = iphoneos;
			};
			name = Debug;
		};
		84CB92A11A64B4170006A7F6 /* Release */ = {
			isa = XCBuildConfiguration;
			buildSettings = {
				ALWAYS_SEARCH_USER_PATHS = NO;
				CLANG_CXX_LANGUAGE_STANDARD = "gnu++0x";
				CLANG_CXX_LIBRARY = "libc++";
				CLANG_ENABLE_MODULES = YES;
				CLANG_ENABLE_OBJC_ARC = YES;
				CLANG_WARN_BOOL_CONVERSION = YES;
				CLANG_WARN_CONSTANT_CONVERSION = YES;
				CLANG_WARN_DIRECT_OBJC_ISA_USAGE = YES_ERROR;
				CLANG_WARN_EMPTY_BODY = YES;
				CLANG_WARN_ENUM_CONVERSION = YES;
				CLANG_WARN_INT_CONVERSION = YES;
				CLANG_WARN_OBJC_ROOT_CLASS = YES_ERROR;
				CLANG_WARN_UNREACHABLE_CODE = YES;
				CLANG_WARN__DUPLICATE_METHOD_MATCH = YES;
				"CODE_SIGN_IDENTITY[sdk=iphoneos*]" = "iPhone Developer";
				COPY_PHASE_STRIP = YES;
				ENABLE_NS_ASSERTIONS = NO;
				ENABLE_STRICT_OBJC_MSGSEND = YES;
				GCC_C_LANGUAGE_STANDARD = gnu99;
				GCC_WARN_64_TO_32_BIT_CONVERSION = YES;
				GCC_WARN_ABOUT_RETURN_TYPE = YES_ERROR;
				GCC_WARN_UNDECLARED_SELECTOR = YES;
				GCC_WARN_UNINITIALIZED_AUTOS = YES_AGGRESSIVE;
				GCC_WARN_UNUSED_FUNCTION = YES;
				GCC_WARN_UNUSED_VARIABLE = YES;
				IPHONEOS_DEPLOYMENT_TARGET = 8.1;
				MTL_ENABLE_DEBUG_INFO = NO;
				SDKROOT = iphoneos;
				VALIDATE_PRODUCT = YES;
			};
			name = Release;
		};
		84CB92A31A64B4170006A7F6 /* Debug */ = {
			isa = XCBuildConfiguration;
			buildSettings = {
				ASSETCATALOG_COMPILER_APPICON_NAME = AppIcon;
				INFOPLIST_FILE = "TestQuartz(直线三角等简单)/Info.plist";
				LD_RUNPATH_SEARCH_PATHS = "$(inherited) @executable_path/Frameworks";
				PRODUCT_NAME = "$(TARGET_NAME)";
			};
			name = Debug;
		};
		84CB92A41A64B4170006A7F6 /* Release */ = {
			isa = XCBuildConfiguration;
			buildSettings = {
				ASSETCATALOG_COMPILER_APPICON_NAME = AppIcon;
				INFOPLIST_FILE = "TestQuartz(直线三角等简单)/Info.plist";
				LD_RUNPATH_SEARCH_PATHS = "$(inherited) @executable_path/Frameworks";
				PRODUCT_NAME = "$(TARGET_NAME)";
			};
			name = Release;
		};
		84CB92A61A64B4170006A7F6 /* Debug */ = {
			isa = XCBuildConfiguration;
			buildSettings = {
				BUNDLE_LOADER = "$(TEST_HOST)";
				FRAMEWORK_SEARCH_PATHS = (
					"$(SDKROOT)/Developer/Library/Frameworks",
					"$(inherited)",
				);
				GCC_PREPROCESSOR_DEFINITIONS = (
					"DEBUG=1",
					"$(inherited)",
				);
				INFOPLIST_FILE = "TestQuartz(直线三角等简单)Tests/Info.plist";
				LD_RUNPATH_SEARCH_PATHS = "$(inherited) @executable_path/Frameworks @loader_path/Frameworks";
				PRODUCT_NAME = "$(TARGET_NAME)";
				TEST_HOST = "$(BUILT_PRODUCTS_DIR)/TestQuartz(直线三角等简单).app/TestQuartz(直线三角等简单)";
			};
			name = Debug;
		};
		84CB92A71A64B4170006A7F6 /* Release */ = {
			isa = XCBuildConfiguration;
			buildSettings = {
				BUNDLE_LOADER = "$(TEST_HOST)";
				FRAMEWORK_SEARCH_PATHS = (
					"$(SDKROOT)/Developer/Library/Frameworks",
					"$(inherited)",
				);
				INFOPLIST_FILE = "TestQuartz(直线三角等简单)Tests/Info.plist";
				LD_RUNPATH_SEARCH_PATHS = "$(inherited) @executable_path/Frameworks @loader_path/Frameworks";
				PRODUCT_NAME = "$(TARGET_NAME)";
				TEST_HOST = "$(BUILT_PRODUCTS_DIR)/TestQuartz(直线三角等简单).app/TestQuartz(直线三角等简单)";
			};
			name = Release;
		};
/* End XCBuildConfiguration section */

/* Begin XCConfigurationList section */
		84CB927A1A64B4170006A7F6 /* Build configuration list for PBXProject "TestQuartz(直线三角等简单)" */ = {
			isa = XCConfigurationList;
			buildConfigurations = (
				84CB92A01A64B4170006A7F6 /* Debug */,
				84CB92A11A64B4170006A7F6 /* Release */,
			);
			defaultConfigurationIsVisible = 0;
			defaultConfigurationName = Release;
		};
		84CB92A21A64B4170006A7F6 /* Build configuration list for PBXNativeTarget "TestQuartz(直线三角等简单)" */ = {
			isa = XCConfigurationList;
			buildConfigurations = (
				84CB92A31A64B4170006A7F6 /* Debug */,
				84CB92A41A64B4170006A7F6 /* Release */,
			);
			defaultConfigurationIsVisible = 0;
			defaultConfigurationName = Release;
		};
		84CB92A51A64B4170006A7F6 /* Build configuration list for PBXNativeTarget "TestQuartz(直线三角等简单)Tests" */ = {
			isa = XCConfigurationList;
			buildConfigurations = (
				84CB92A61A64B4170006A7F6 /* Debug */,
				84CB92A71A64B4170006A7F6 /* Release */,
			);
			defaultConfigurationIsVisible = 0;
			defaultConfigurationName = Release;
		};
/* End XCConfigurationList section */
	};
	rootObject = 84CB92771A64B4170006A7F6 /* Project object */;
}
